{
  "name": "test-project",
  "lockfileVersion": 3,
  "requires": true,
  "packages": {
    "": {
      "dependencies": {
        "@aiyana-dev/legit-package": "^1.0.0"
      }
    },
    "node_modules/@aiyana-dev/legit-package": {
      "version": "1.0.0",
      "resolved": "http://34.227.190.3:4873/@aiyana-dev/legit-package/-/legit-package-1.0.0.tgz",
      "integrity": "sha512-PxtlxGzbhHPxIeGH5Oa6Fh4KdUWQY4OxcPrx8BABEcU9R4aEEhlZBofKmN+Slp2HV2eEaxH8IBMa5vNNjBzyjg==",
      "license": "ISC"
    }
  }
}
